schema: '2.0'
stages:
  data_ingestion:
    cmd: python src/data/data_ingestion.py
    deps:
    - path: src/data/Emotion_final.csv
      hash: md5
      md5: fde23abadf7f231356572233919d7c43
      size: 2259660
    - path: src/data/data_ingestion.py
      hash: md5
      md5: 3275b0eaae9ce89cbfd7977f02a53737
      size: 2686
    outs:
    - path: data/raw
      hash: md5
      md5: 01e80efbf35142cda29d06345885fc7d.dir
      size: 1329368
      nfiles: 2
  data_preprocessing:
    cmd: python src/data/data_preprocessing.py
    deps:
    - path: data/raw
      hash: md5
      md5: 01e80efbf35142cda29d06345885fc7d.dir
      size: 1329368
      nfiles: 2
    - path: src/data/data_preprocessing.py
      hash: md5
      md5: abaee6b006d6461e1ceacedae626a9f9
      size: 2693
    outs:
    - path: data/interim
      hash: md5
      md5: edaadcbca8eef40b67305679414f4f6f.dir
      size: 856786
      nfiles: 2
  feature_engineering:
    cmd: python src/feature/feature_engineering.py
    deps:
    - path: data/interim
      hash: md5
      md5: edaadcbca8eef40b67305679414f4f6f.dir
      size: 856786
      nfiles: 2
    - path: src/feature/feature_engineering.py
      hash: md5
      md5: 6e65080eeb0f05f68e61fdea88cac66a
      size: 1846
    params:
      params.yaml:
        feature_engineering.max_features: 500
    outs:
    - path: data/processed
      hash: md5
      md5: 9fda09af36d7958f11b87af55bd0f28d.dir
      size: 27743059
      nfiles: 2
  model_building:
    cmd: python src/model/model_building.py
    deps:
    - path: data/processed
      hash: md5
      md5: 9fda09af36d7958f11b87af55bd0f28d.dir
      size: 27743059
      nfiles: 2
    - path: src/model/model_building.py
      hash: md5
      md5: 0a713929976a4385716ad307cc04885b
      size: 978
    params:
      params.yaml:
        model_building.learning_rate: 0.1
        model_building.n_estimators: 50
    outs:
    - path: models/model.pkl
      hash: md5
      md5: 4e4962bc68aba0dc12b713f823fb2b24
      size: 67300
  model_evaluation:
    cmd: python src/model/model_evaluation.py
    deps:
    - path: models/model.pkl
      hash: md5
      md5: 4e4962bc68aba0dc12b713f823fb2b24
      size: 67300
    outs:
    - path: reports/metrics.json
      hash: md5
      md5: f616206859f94d29192525fa5b035a0a
      size: 143
